
Microsoft Visual Studio Solution File, Format Version 12.00
# Visual Studio Version 17
VisualStudioVersion = 17.0.32014.148
MinimumVisualStudioVersion = 10.0.40219.1
Project("{FAE04EC0-301F-11D3-BF4B-00C04F79EFBC}") = "IconsSaveRestore", "IconsSaveRestore.csproj", "{76BCC4D6-28BF-4F34-B2AB-90AD9E52CD2E}"
EndProject
Global
	GlobalSection(SolutionConfigurationPlatforms) = preSolution
		Debug|Any CPU = Debug|Any CPU
		Release|Any CPU = Release|Any CPU
	EndGlobalSection
	GlobalSection(ProjectConfigurationPlatforms) = postSolution
		{76BCC4D6-28BF-4F34-B2AB-90AD9E52CD2E}.Debug|Any CPU.ActiveCfg = Debug|Any CPU
		{76BCC4D6-28BF-4F34-B2AB-90AD9E52CD2E}.Debug|Any CPU.Build.0 = Debug|Any CPU
		{76BCC4D6-28BF-4F34-B2AB-90AD9E52CD2E}.Release|Any CPU.ActiveCfg = Release|Any CPU
		{76BCC4D6-28BF-4F34-B2AB-90AD9E52CD2E}.Release|Any CPU.Build.0 = Release|Any CPU
	EndGlobalSection
	GlobalSection(SolutionProperties) = preSolution
		HideSolutionNode = FALSE
	EndGlobalSection
	GlobalSection(ExtensibilityGlobals) = postSolution
		SolutionGuid = {E7C8E32D-A411-4D3E-B05C-E14EC452F7A9}
	EndGlobalSection
EndGlobal
